
Microsoft Visual Studio Solution File, Format Version 12.00
# Visual Studio 15
VisualStudioVersion = 15.0.28307.572
MinimumVisualStudioVersion = 10.0.40219.1
Project("{9A19103F-16F7-4668-BE54-9A1E7A4F7556}") = "ConsoleApp1", "ConsoleApp1\ConsoleApp1.csproj", "{15A936DD-06BC-4888-82E0-9A68E76C1D1A}"
EndProject
Project("{2150E333-8FDC-42A3-9474-1A3956D46DE8}") = "src", "src", "{C657B429-EE17-42EC-870F-74DCD0C770C5}"
EndProject
Global
	GlobalSection(SolutionConfigurationPlatforms) = preSolution
		Debug|Any CPU = Debug|Any CPU
		Release|Any CPU = Release|Any CPU
	EndGlobalSection
	GlobalSection(ProjectConfigurationPlatforms) = postSolution
		{15A936DD-06BC-4888-82E0-9A68E76C1D1A}.Debug|Any CPU.ActiveCfg = Debug|Any CPU
		{15A936DD-06BC-4888-82E0-9A68E76C1D1A}.Debug|Any CPU.Build.0 = Debug|Any CPU
		{15A936DD-06BC-4888-82E0-9A68E76C1D1A}.Release|Any CPU.ActiveCfg = Release|Any CPU
		{15A936DD-06BC-4888-82E0-9A68E76C1D1A}.Release|Any CPU.Build.0 = Release|Any CPU
	EndGlobalSection
	GlobalSection(SolutionProperties) = preSolution
		HideSolutionNode = FALSE
	EndGlobalSection
	GlobalSection(NestedProjects) = preSolution
		{15A936DD-06BC-4888-82E0-9A68E76C1D1A} = {C657B429-EE17-42EC-870F-74DCD0C770C5}
	EndGlobalSection
	GlobalSection(ExtensibilityGlobals) = postSolution
		SolutionGuid = {9F4268A1-44C8-4285-A242-C8913A54F1BF}
	EndGlobalSection
EndGlobal
